
Microsoft Visual Studio Solution File, Format Version 12.00
# Visual Studio Version 16
VisualStudioVersion = 16.0.31424.327
MinimumVisualStudioVersion = 10.0.40219.1
Project("{FAE04EC0-301F-11D3-BF4B-00C04F79EFBC}") = "FizzBuzz", "FizzBuzz\FizzBuzz.csproj", "{BA6C03BB-3BA7-45B5-9B8B-678F6B603FA5}"
EndProject
Project("{FAE04EC0-301F-11D3-BF4B-00C04F79EFBC}") = "FizzBuzz.Test", "FizzBuzz.Test\FizzBuzz.Test.csproj", "{B49E72B4-6532-4176-84A4-3B474FEC2243}"
EndProject
Global
	GlobalSection(SolutionConfigurationPlatforms) = preSolution
		Debug|Any CPU = Debug|Any CPU
		Release|Any CPU = Release|Any CPU
	EndGlobalSection
	GlobalSection(ProjectConfigurationPlatforms) = postSolution
		{BA6C03BB-3BA7-45B5-9B8B-678F6B603FA5}.Debug|Any CPU.ActiveCfg = Debug|Any CPU
		{BA6C03BB-3BA7-45B5-9B8B-678F6B603FA5}.Debug|Any CPU.Build.0 = Debug|Any CPU
		{BA6C03BB-3BA7-45B5-9B8B-678F6B603FA5}.Release|Any CPU.ActiveCfg = Release|Any CPU
		{BA6C03BB-3BA7-45B5-9B8B-678F6B603FA5}.Release|Any CPU.Build.0 = Release|Any CPU
		{B49E72B4-6532-4176-84A4-3B474FEC2243}.Debug|Any CPU.ActiveCfg = Debug|Any CPU
		{B49E72B4-6532-4176-84A4-3B474FEC2243}.Debug|Any CPU.Build.0 = Debug|Any CPU
		{B49E72B4-6532-4176-84A4-3B474FEC2243}.Release|Any CPU.ActiveCfg = Release|Any CPU
		{B49E72B4-6532-4176-84A4-3B474FEC2243}.Release|Any CPU.Build.0 = Release|Any CPU
	EndGlobalSection
	GlobalSection(SolutionProperties) = preSolution
		HideSolutionNode = FALSE
	EndGlobalSection
	GlobalSection(ExtensibilityGlobals) = postSolution
		SolutionGuid = {F3EAD5E6-837D-47DA-8A3A-3D8BB52D961F}
	EndGlobalSection
EndGlobal
